
Microsoft Visual Studio Solution File, Format Version 10.00
# Visual C++ Express 2008
Project("{8BC9CEB8-8B4A-11D0-8D11-00A0C91BC942}") = "bondgeek", "bondgeek.vcproj", "{71299452-C143-4CC4-AACA-1C243B3C26B2}"
EndProject
Project("{8BC9CEB8-8B4A-11D0-8D11-00A0C91BC942}") = "tests", "tests\tests.vcproj", "{00E89A16-7361-48EB-B9EA-354F7989ADEC}"
	ProjectSection(ProjectDependencies) = postProject
		{71299452-C143-4CC4-AACA-1C243B3C26B2} = {71299452-C143-4CC4-AACA-1C243B3C26B2}
	EndProjectSection
EndProject
Global
	GlobalSection(SolutionConfigurationPlatforms) = preSolution
		Debug|Win32 = Debug|Win32
		Release|Win32 = Release|Win32
	EndGlobalSection
	GlobalSection(ProjectConfigurationPlatforms) = postSolution
		{71299452-C143-4CC4-AACA-1C243B3C26B2}.Debug|Win32.ActiveCfg = Debug|Win32
		{71299452-C143-4CC4-AACA-1C243B3C26B2}.Debug|Win32.Build.0 = Debug|Win32
		{71299452-C143-4CC4-AACA-1C243B3C26B2}.Release|Win32.ActiveCfg = Release|Win32
		{71299452-C143-4CC4-AACA-1C243B3C26B2}.Release|Win32.Build.0 = Release|Win32
		{00E89A16-7361-48EB-B9EA-354F7989ADEC}.Debug|Win32.ActiveCfg = Debug|Win32
		{00E89A16-7361-48EB-B9EA-354F7989ADEC}.Debug|Win32.Build.0 = Debug|Win32
		{00E89A16-7361-48EB-B9EA-354F7989ADEC}.Release|Win32.ActiveCfg = Release|Win32
		{00E89A16-7361-48EB-B9EA-354F7989ADEC}.Release|Win32.Build.0 = Release|Win32
	EndGlobalSection
	GlobalSection(SolutionProperties) = preSolution
		HideSolutionNode = FALSE
	EndGlobalSection
EndGlobal
