// !$*UTF8*$!
{
	archiveVersion = 1;
	classes = {
	};
	objectVersion = 45;
	objects = {

/* Begin PBXBuildFile section */
		CB378D821594BC0E00C91A4E /* bg_example.cpp in Sources */ = {isa = PBXBuildFile; fileRef = CB4D02601594B7470002568B /* bg_example.cpp */; };
		CB378D841594BC5700C91A4E /* curvebase.cpp in Sources */ = {isa = PBXBuildFile; fileRef = CB4D02031594B7470002568B /* curvebase.cpp */; };
		CB378D851594BC5700C91A4E /* curvefactory.cpp in Sources */ = {isa = PBXBuildFile; fileRef = CB4D02051594B7470002568B /* curvefactory.cpp */; };
		CB378D861594BC5700C91A4E /* ratehelpercurve.cpp in Sources */ = {isa = PBXBuildFile; fileRef = CB4D02081594B7470002568B /* ratehelpercurve.cpp */; };
		CB378D871594BC5700C91A4E /* date_utilities.cpp in Sources */ = {isa = PBXBuildFile; fileRef = CB4D020A1594B7470002568B /* date_utilities.cpp */; };
		CB378D8A1594BC6100C91A4E /* libboost_regex.dylib in Frameworks */ = {isa = PBXBuildFile; fileRef = CB4D01F81594B6510002568B /* libboost_regex.dylib */; };
		CB378D8B1594BC6100C91A4E /* libQuantLib.dylib in Frameworks */ = {isa = PBXBuildFile; fileRef = CB4D01FC1594B6510002568B /* libQuantLib.dylib */; };
		CB378E091594C1B100C91A4E /* bulletbond.cpp in Sources */ = {isa = PBXBuildFile; fileRef = CB4D02101594B7470002568B /* bulletbond.cpp */; };
		CB378E0A1594C1B100C91A4E /* callbond.cpp in Sources */ = {isa = PBXBuildFile; fileRef = CB4D02121594B7470002568B /* callbond.cpp */; };
		CB378E0B1594C1B100C91A4E /* fixedfloatswap.cpp in Sources */ = {isa = PBXBuildFile; fileRef = CB4D02141594B7470002568B /* fixedfloatswap.cpp */; };
		CB378E161594C28200C91A4E /* bulletbond.cpp in Sources */ = {isa = PBXBuildFile; fileRef = CB4D02101594B7470002568B /* bulletbond.cpp */; };
		CB378E171594C28200C91A4E /* callbond.cpp in Sources */ = {isa = PBXBuildFile; fileRef = CB4D02121594B7470002568B /* callbond.cpp */; };
		CB378E181594C28200C91A4E /* fixedfloatswap.cpp in Sources */ = {isa = PBXBuildFile; fileRef = CB4D02141594B7470002568B /* fixedfloatswap.cpp */; };
		CB378E1A1594C28200C91A4E /* curvebase.cpp in Sources */ = {isa = PBXBuildFile; fileRef = CB4D02031594B7470002568B /* curvebase.cpp */; };
		CB378E1B1594C28200C91A4E /* curvefactory.cpp in Sources */ = {isa = PBXBuildFile; fileRef = CB4D02051594B7470002568B /* curvefactory.cpp */; };
		CB378E1C1594C28200C91A4E /* ratehelpercurve.cpp in Sources */ = {isa = PBXBuildFile; fileRef = CB4D02081594B7470002568B /* ratehelpercurve.cpp */; };
		CB378E1D1594C28200C91A4E /* date_utilities.cpp in Sources */ = {isa = PBXBuildFile; fileRef = CB4D020A1594B7470002568B /* date_utilities.cpp */; };
		CB378E1F1594C29300C91A4E /* libboost_regex.dylib in Frameworks */ = {isa = PBXBuildFile; fileRef = CB4D01F81594B6510002568B /* libboost_regex.dylib */; };
		CB378E201594C29300C91A4E /* libboost_unit_test_framework.dylib in Frameworks */ = {isa = PBXBuildFile; fileRef = CB4D01FA1594B6510002568B /* libboost_unit_test_framework.dylib */; };
		CB378E211594C29300C91A4E /* libQuantLib.dylib in Frameworks */ = {isa = PBXBuildFile; fileRef = CB4D01FC1594B6510002568B /* libQuantLib.dylib */; };
		CB378E231594C2B100C91A4E /* test_bondgeek.cpp in Sources */ = {isa = PBXBuildFile; fileRef = CB4D02661594B7470002568B /* test_bondgeek.cpp */; };
		CB378E531594C6F300C91A4E /* libboost_regex.dylib in Frameworks */ = {isa = PBXBuildFile; fileRef = CB4D01F81594B6510002568B /* libboost_regex.dylib */; };
		CB378E541594C6F300C91A4E /* libQuantLib.dylib in Frameworks */ = {isa = PBXBuildFile; fileRef = CB4D01FC1594B6510002568B /* libQuantLib.dylib */; };
		CB378E551594C6FD00C91A4E /* bulletbond.cpp in Sources */ = {isa = PBXBuildFile; fileRef = CB4D02101594B7470002568B /* bulletbond.cpp */; };
		CB378E561594C6FD00C91A4E /* callbond.cpp in Sources */ = {isa = PBXBuildFile; fileRef = CB4D02121594B7470002568B /* callbond.cpp */; };
		CB378E571594C6FD00C91A4E /* fixedfloatswap.cpp in Sources */ = {isa = PBXBuildFile; fileRef = CB4D02141594B7470002568B /* fixedfloatswap.cpp */; };
		CB378E591594C6FD00C91A4E /* curvebase.cpp in Sources */ = {isa = PBXBuildFile; fileRef = CB4D02031594B7470002568B /* curvebase.cpp */; };
		CB378E5A1594C6FD00C91A4E /* curvefactory.cpp in Sources */ = {isa = PBXBuildFile; fileRef = CB4D02051594B7470002568B /* curvefactory.cpp */; };
		CB378E5B1594C6FD00C91A4E /* ratehelpercurve.cpp in Sources */ = {isa = PBXBuildFile; fileRef = CB4D02081594B7470002568B /* ratehelpercurve.cpp */; };
		CB378E5C1594C6FD00C91A4E /* date_utilities.cpp in Sources */ = {isa = PBXBuildFile; fileRef = CB4D020A1594B7470002568B /* date_utilities.cpp */; };
		CB378E5F1594C73A00C91A4E /* callbond_example.cpp in Sources */ = {isa = PBXBuildFile; fileRef = CB4D025F1594B7470002568B /* callbond_example.cpp */; };
		CCB1E5C715B5800E00F738BB /* libQuantLib.dylib in Frameworks */ = {isa = PBXBuildFile; fileRef = CB4D01FC1594B6510002568B /* libQuantLib.dylib */; };
		CCB1E5C815B5803300F738BB /* libboost_regex.dylib in Frameworks */ = {isa = PBXBuildFile; fileRef = CB4D01F81594B6510002568B /* libboost_regex.dylib */; };
		CCB1E5CA15B5807C00F738BB /* curvetest.cpp in Sources */ = {isa = PBXBuildFile; fileRef = CCB1E5C915B5807C00F738BB /* curvetest.cpp */; };
		CCB1E5CB15B5808A00F738BB /* bulletbond.cpp in Sources */ = {isa = PBXBuildFile; fileRef = CB4D02101594B7470002568B /* bulletbond.cpp */; };
		CCB1E5CC15B5808A00F738BB /* callbond.cpp in Sources */ = {isa = PBXBuildFile; fileRef = CB4D02121594B7470002568B /* callbond.cpp */; };
		CCB1E5CD15B5808A00F738BB /* fixedfloatswap.cpp in Sources */ = {isa = PBXBuildFile; fileRef = CB4D02141594B7470002568B /* fixedfloatswap.cpp */; };
		CCB1E5CE15B5808A00F738BB /* curvebase.cpp in Sources */ = {isa = PBXBuildFile; fileRef = CB4D02031594B7470002568B /* curvebase.cpp */; };
		CCB1E5CF15B5808A00F738BB /* curvefactory.cpp in Sources */ = {isa = PBXBuildFile; fileRef = CB4D02051594B7470002568B /* curvefactory.cpp */; };
		CCB1E5D015B5808A00F738BB /* ratehelpercurve.cpp in Sources */ = {isa = PBXBuildFile; fileRef = CB4D02081594B7470002568B /* ratehelpercurve.cpp */; };
		CCB1E5D115B5808A00F738BB /* date_utilities.cpp in Sources */ = {isa = PBXBuildFile; fileRef = CB4D020A1594B7470002568B /* date_utilities.cpp */; };
/* End PBXBuildFile section */

/* Begin PBXFileReference section */
		C6859E8B029090EE04C91782 /* pybg.1 */ = {isa = PBXFileReference; lastKnownFileType = text.man; path = pybg.1; sourceTree = "<group>"; };
		CB2C913D1594E19100B78DFB /* usdliborcurve.hpp */ = {isa = PBXFileReference; fileEncoding = 4; lastKnownFileType = sourcecode.cpp.h; path = usdliborcurve.hpp; sourceTree = "<group>"; };
		CB378E121594C27300C91A4E /* bg_test_suite */ = {isa = PBXFileReference; explicitFileType = "compiled.mach-o.executable"; includeInIndex = 0; path = bg_test_suite; sourceTree = BUILT_PRODUCTS_DIR; };
		CB378E4F1594C6E100C91A4E /* callbond_example */ = {isa = PBXFileReference; explicitFileType = "compiled.mach-o.executable"; includeInIndex = 0; path = callbond_example; sourceTree = BUILT_PRODUCTS_DIR; };
		CB4D01F81594B6510002568B /* libboost_regex.dylib */ = {isa = PBXFileReference; lastKnownFileType = "compiled.mach-o.dylib"; name = libboost_regex.dylib; path = usr/local/lib/libboost_regex.dylib; sourceTree = SDKROOT; };
		CB4D01FA1594B6510002568B /* libboost_unit_test_framework.dylib */ = {isa = PBXFileReference; lastKnownFileType = "compiled.mach-o.dylib"; name = libboost_unit_test_framework.dylib; path = usr/local/lib/libboost_unit_test_framework.dylib; sourceTree = SDKROOT; };
		CB4D01FC1594B6510002568B /* libQuantLib.dylib */ = {isa = PBXFileReference; lastKnownFileType = "compiled.mach-o.dylib"; name = libQuantLib.dylib; path = usr/local/lib/libQuantLib.dylib; sourceTree = SDKROOT; };
		CB4D02011594B7470002568B /* bondgeek.hpp */ = {isa = PBXFileReference; fileEncoding = 4; lastKnownFileType = sourcecode.cpp.h; path = bondgeek.hpp; sourceTree = "<group>"; };
		CB4D02021594B7470002568B /* bondtype.hpp */ = {isa = PBXFileReference; fileEncoding = 4; lastKnownFileType = sourcecode.cpp.h; path = bondtype.hpp; sourceTree = "<group>"; };
		CB4D02031594B7470002568B /* curvebase.cpp */ = {isa = PBXFileReference; fileEncoding = 4; lastKnownFileType = sourcecode.cpp.cpp; path = curvebase.cpp; sourceTree = "<group>"; };
		CB4D02041594B7470002568B /* curvebase.hpp */ = {isa = PBXFileReference; fileEncoding = 4; indentWidth = 4; lastKnownFileType = sourcecode.cpp.h; path = curvebase.hpp; sourceTree = "<group>"; tabWidth = 4; usesTabs = 0; };
		CB4D02051594B7470002568B /* curvefactory.cpp */ = {isa = PBXFileReference; fileEncoding = 4; lastKnownFileType = sourcecode.cpp.cpp; path = curvefactory.cpp; sourceTree = "<group>"; };
		CB4D02061594B7470002568B /* curvefactory.hpp */ = {isa = PBXFileReference; fileEncoding = 4; lastKnownFileType = sourcecode.cpp.h; path = curvefactory.hpp; sourceTree = "<group>"; };
		CB4D02081594B7470002568B /* ratehelpercurve.cpp */ = {isa = PBXFileReference; fileEncoding = 4; lastKnownFileType = sourcecode.cpp.cpp; path = ratehelpercurve.cpp; sourceTree = "<group>"; };
		CB4D02091594B7470002568B /* ratehelpercurve.hpp */ = {isa = PBXFileReference; fileEncoding = 4; lastKnownFileType = sourcecode.cpp.h; path = ratehelpercurve.hpp; sourceTree = "<group>"; };
		CB4D020A1594B7470002568B /* date_utilities.cpp */ = {isa = PBXFileReference; fileEncoding = 4; lastKnownFileType = sourcecode.cpp.cpp; path = date_utilities.cpp; sourceTree = "<group>"; };
		CB4D020B1594B7470002568B /* date_utilities.hpp */ = {isa = PBXFileReference; fileEncoding = 4; lastKnownFileType = sourcecode.cpp.h; path = date_utilities.hpp; sourceTree = "<group>"; };
		CB4D020D1594B7470002568B /* indexbase.hpp */ = {isa = PBXFileReference; fileEncoding = 4; lastKnownFileType = sourcecode.cpp.h; path = indexbase.hpp; sourceTree = "<group>"; };
		CB4D020F1594B7470002568B /* bginstrument.hpp */ = {isa = PBXFileReference; fileEncoding = 4; lastKnownFileType = sourcecode.cpp.h; path = bginstrument.hpp; sourceTree = "<group>"; };
		CB4D02101594B7470002568B /* bulletbond.cpp */ = {isa = PBXFileReference; fileEncoding = 4; lastKnownFileType = sourcecode.cpp.cpp; path = bulletbond.cpp; sourceTree = "<group>"; };
		CB4D02111594B7470002568B /* bulletbond.hpp */ = {isa = PBXFileReference; fileEncoding = 4; lastKnownFileType = sourcecode.cpp.h; path = bulletbond.hpp; sourceTree = "<group>"; };
		CB4D02121594B7470002568B /* callbond.cpp */ = {isa = PBXFileReference; fileEncoding = 4; lastKnownFileType = sourcecode.cpp.cpp; path = callbond.cpp; sourceTree = "<group>"; };
		CB4D02131594B7470002568B /* callbond.hpp */ = {isa = PBXFileReference; fileEncoding = 4; lastKnownFileType = sourcecode.cpp.h; path = callbond.hpp; sourceTree = "<group>"; };
		CB4D02141594B7470002568B /* fixedfloatswap.cpp */ = {isa = PBXFileReference; fileEncoding = 4; lastKnownFileType = sourcecode.cpp.cpp; path = fixedfloatswap.cpp; sourceTree = "<group>"; };
		CB4D02151594B7470002568B /* fixedfloatswap.hpp */ = {isa = PBXFileReference; fileEncoding = 4; lastKnownFileType = sourcecode.cpp.h; path = fixedfloatswap.hpp; sourceTree = "<group>"; };
		CB4D02161594B7470002568B /* repository.hpp */ = {isa = PBXFileReference; fileEncoding = 4; lastKnownFileType = sourcecode.cpp.h; path = repository.hpp; sourceTree = "<group>"; };
		CB4D02181594B7470002568B /* swaptype.hpp */ = {isa = PBXFileReference; fileEncoding = 4; lastKnownFileType = sourcecode.cpp.h; path = swaptype.hpp; sourceTree = "<group>"; };
		CB4D025D1594B7470002568B /* BermudanSwaption.cpp */ = {isa = PBXFileReference; fileEncoding = 4; lastKnownFileType = sourcecode.cpp.cpp; path = BermudanSwaption.cpp; sourceTree = "<group>"; };
		CB4D025E1594B7470002568B /* CallableBonds.cpp */ = {isa = PBXFileReference; fileEncoding = 4; lastKnownFileType = sourcecode.cpp.cpp; path = CallableBonds.cpp; sourceTree = "<group>"; };
		CB4D025F1594B7470002568B /* callbond_example.cpp */ = {isa = PBXFileReference; fileEncoding = 4; lastKnownFileType = sourcecode.cpp.cpp; path = callbond_example.cpp; sourceTree = "<group>"; };
		CB4D02601594B7470002568B /* bg_example.cpp */ = {isa = PBXFileReference; fileEncoding = 4; lastKnownFileType = sourcecode.cpp.cpp; path = bg_example.cpp; sourceTree = "<group>"; };
		CB4D02611594B7470002568B /* Makefile */ = {isa = PBXFileReference; fileEncoding = 4; lastKnownFileType = sourcecode.make; path = Makefile; sourceTree = "<group>"; };
		CB4D02621594B7470002568B /* README */ = {isa = PBXFileReference; fileEncoding = 4; lastKnownFileType = text; path = README; sourceTree = "<group>"; xcLanguageSpecificationIdentifier = "<none>"; };
		CB4D02631594B7470002568B /* setup_config.py */ = {isa = PBXFileReference; fileEncoding = 4; lastKnownFileType = text.script.python; path = setup_config.py; sourceTree = "<group>"; };
		CB4D02641594B7470002568B /* setup.py */ = {isa = PBXFileReference; fileEncoding = 4; lastKnownFileType = text.script.python; path = setup.py; sourceTree = "<group>"; };
		CB4D02661594B7470002568B /* test_bondgeek.cpp */ = {isa = PBXFileReference; fileEncoding = 4; lastKnownFileType = sourcecode.cpp.cpp; path = test_bondgeek.cpp; sourceTree = "<group>"; };
		CB4D02671594B7470002568B /* test_dates.hpp */ = {isa = PBXFileReference; fileEncoding = 4; lastKnownFileType = sourcecode.cpp.h; path = test_dates.hpp; sourceTree = "<group>"; };
		CB4D02681594B7470002568B /* test_swaps.hpp */ = {isa = PBXFileReference; fileEncoding = 4; lastKnownFileType = sourcecode.cpp.h; path = test_swaps.hpp; sourceTree = "<group>"; };
		CB4D026C1594B8350002568B /* __init__.py */ = {isa = PBXFileReference; fileEncoding = 4; lastKnownFileType = text.script.python; path = __init__.py; sourceTree = "<group>"; };
		CB4D026D1594B8350002568B /* _curves.pxd */ = {isa = PBXFileReference; fileEncoding = 4; lastKnownFileType = text; path = _curves.pxd; sourceTree = "<group>"; xcLanguageSpecificationIdentifier = xcode.lang.python; };
		CB4D026E1594B8350002568B /* curves.pxd */ = {isa = PBXFileReference; fileEncoding = 4; lastKnownFileType = text; path = curves.pxd; sourceTree = "<group>"; xcLanguageSpecificationIdentifier = xcode.lang.python; };
		CB4D026F1594B8350002568B /* curves.pyx */ = {isa = PBXFileReference; fileEncoding = 4; lastKnownFileType = text; path = curves.pyx; sourceTree = "<group>"; xcLanguageSpecificationIdentifier = xcode.lang.python; };
		CB4D02701594B8350002568B /* ql.pxd */ = {isa = PBXFileReference; fileEncoding = 4; lastKnownFileType = text; path = ql.pxd; sourceTree = "<group>"; xcLanguageSpecificationIdentifier = xcode.lang.python; };
		CB4D02711594B8350002568B /* ql.pyx */ = {isa = PBXFileReference; fileEncoding = 4; lastKnownFileType = text; path = ql.pyx; sourceTree = "<group>"; xcLanguageSpecificationIdentifier = xcode.lang.python; };
		CB4D02731594B8350002568B /* __init__.py */ = {isa = PBXFileReference; fileEncoding = 4; lastKnownFileType = text.script.python; path = __init__.py; sourceTree = "<group>"; };
		CB4D02741594B8350002568B /* _cashflow.pxd */ = {isa = PBXFileReference; fileEncoding = 4; lastKnownFileType = text; path = _cashflow.pxd; sourceTree = "<group>"; xcLanguageSpecificationIdentifier = xcode.lang.python; };
		CB4D02751594B8350002568B /* _currency.pxd */ = {isa = PBXFileReference; fileEncoding = 4; lastKnownFileType = text; path = _currency.pxd; sourceTree = "<group>"; xcLanguageSpecificationIdentifier = xcode.lang.python; };
		CB4D02761594B8350002568B /* _quote.pxd */ = {isa = PBXFileReference; fileEncoding = 4; lastKnownFileType = text; path = _quote.pxd; sourceTree = "<group>"; xcLanguageSpecificationIdentifier = xcode.lang.python; };
		CB4D02771594B8350002568B /* cashflow.pxd */ = {isa = PBXFileReference; fileEncoding = 4; lastKnownFileType = text; path = cashflow.pxd; sourceTree = "<group>"; xcLanguageSpecificationIdentifier = xcode.lang.python; };
		CB4D02781594B8350002568B /* cashflow.pyx */ = {isa = PBXFileReference; fileEncoding = 4; lastKnownFileType = text; path = cashflow.pyx; sourceTree = "<group>"; xcLanguageSpecificationIdentifier = xcode.lang.python; };
		CB4D02791594B8350002568B /* compounding.py */ = {isa = PBXFileReference; fileEncoding = 4; lastKnownFileType = text.script.python; path = compounding.py; sourceTree = "<group>"; };
		CB4D027A1594B8350002568B /* currency.pxd */ = {isa = PBXFileReference; fileEncoding = 4; lastKnownFileType = text; path = currency.pxd; sourceTree = "<group>"; xcLanguageSpecificationIdentifier = xcode.lang.python; };
		CB4D027B1594B8350002568B /* currency.pyx */ = {isa = PBXFileReference; fileEncoding = 4; lastKnownFileType = text; path = currency.pyx; sourceTree = "<group>"; xcLanguageSpecificationIdentifier = xcode.lang.python; };
		CB4D027C1594B8350002568B /* handle.pxd */ = {isa = PBXFileReference; fileEncoding = 4; lastKnownFileType = text; path = handle.pxd; sourceTree = "<group>"; xcLanguageSpecificationIdentifier = xcode.lang.python; };
		CB4D027E1594B8350002568B /* __init__.py */ = {isa = PBXFileReference; fileEncoding = 4; lastKnownFileType = text.script.python; path = __init__.py; sourceTree = "<group>"; };
		CB4D027F1594B8350002568B /* _optimization.pxd */ = {isa = PBXFileReference; fileEncoding = 4; lastKnownFileType = text; path = _optimization.pxd; sourceTree = "<group>"; };
		CB4D02801594B8350002568B /* optimization.pxd */ = {isa = PBXFileReference; fileEncoding = 4; lastKnownFileType = text; path = optimization.pxd; sourceTree = "<group>"; };
		CB4D02811594B8350002568B /* optimization.pyx */ = {isa = PBXFileReference; fileEncoding = 4; lastKnownFileType = text; path = optimization.pyx; sourceTree = "<group>"; };
		CB4D02821594B8350002568B /* quotes.pxd */ = {isa = PBXFileReference; fileEncoding = 4; lastKnownFileType = text; path = quotes.pxd; sourceTree = "<group>"; xcLanguageSpecificationIdentifier = xcode.lang.python; };
		CB4D02831594B8350002568B /* quotes.pyx */ = {isa = PBXFileReference; fileEncoding = 4; lastKnownFileType = text; path = quotes.pyx; sourceTree = "<group>"; xcLanguageSpecificationIdentifier = xcode.lang.python; };
		CB4D02851594B8350002568B /* __init__.py */ = {isa = PBXFileReference; fileEncoding = 4; lastKnownFileType = text.script.python; path = __init__.py; sourceTree = "<group>"; };
		CB4D02861594B8350002568B /* _calendar.pxd */ = {isa = PBXFileReference; fileEncoding = 4; lastKnownFileType = text; path = _calendar.pxd; sourceTree = "<group>"; xcLanguageSpecificationIdentifier = xcode.lang.python; };
		CB4D02871594B8350002568B /* _date.pxd */ = {isa = PBXFileReference; fileEncoding = 4; lastKnownFileType = text; path = _date.pxd; sourceTree = "<group>"; xcLanguageSpecificationIdentifier = xcode.lang.python; };
		CB4D02881594B8350002568B /* _daycounter.pxd */ = {isa = PBXFileReference; fileEncoding = 4; lastKnownFileType = text; path = _daycounter.pxd; sourceTree = "<group>"; };
		CB4D02891594B8350002568B /* _period.pxd */ = {isa = PBXFileReference; fileEncoding = 4; lastKnownFileType = text; path = _period.pxd; sourceTree = "<group>"; xcLanguageSpecificationIdentifier = xcode.lang.python; };
		CB4D028A1594B8350002568B /* _schedule.pxd */ = {isa = PBXFileReference; fileEncoding = 4; lastKnownFileType = text; path = _schedule.pxd; sourceTree = "<group>"; };
		CB4D028B1594B8350002568B /* api.py */ = {isa = PBXFileReference; fileEncoding = 4; lastKnownFileType = text.script.python; path = api.py; sourceTree = "<group>"; };
		CB4D028C1594B8350002568B /* calendar.pxd */ = {isa = PBXFileReference; fileEncoding = 4; lastKnownFileType = text; path = calendar.pxd; sourceTree = "<group>"; };
		CB4D028D1594B8350002568B /* calendar.pyx */ = {isa = PBXFileReference; fileEncoding = 4; lastKnownFileType = text; path = calendar.pyx; sourceTree = "<group>"; xcLanguageSpecificationIdentifier = xcode.lang.python; };
		CB4D028F1594B8350002568B /* __init__.py */ = {isa = PBXFileReference; fileEncoding = 4; lastKnownFileType = text.script.python; path = __init__.py; sourceTree = "<group>"; };
		CB4D02901594B8350002568B /* _germany.pxd */ = {isa = PBXFileReference; fileEncoding = 4; lastKnownFileType = text; path = _germany.pxd; sourceTree = "<group>"; };
		CB4D02911594B8350002568B /* _null_calendar.pxd */ = {isa = PBXFileReference; fileEncoding = 4; lastKnownFileType = text; path = _null_calendar.pxd; sourceTree = "<group>"; };
		CB4D02921594B8350002568B /* _united_kingdom.pxd */ = {isa = PBXFileReference; fileEncoding = 4; lastKnownFileType = text; path = _united_kingdom.pxd; sourceTree = "<group>"; xcLanguageSpecificationIdentifier = xcode.lang.python; };
		CB4D02931594B8350002568B /* _united_states.pxd */ = {isa = PBXFileReference; fileEncoding = 4; lastKnownFileType = text; path = _united_states.pxd; sourceTree = "<group>"; };
		CB4D02941594B8350002568B /* germany.pyx */ = {isa = PBXFileReference; fileEncoding = 4; lastKnownFileType = text; path = germany.pyx; sourceTree = "<group>"; };
		CB4D02951594B8350002568B /* null_calendar.pyx */ = {isa = PBXFileReference; fileEncoding = 4; lastKnownFileType = text; path = null_calendar.pyx; sourceTree = "<group>"; };
		CB4D02961594B8350002568B /* united_kingdom.pyx */ = {isa = PBXFileReference; fileEncoding = 4; lastKnownFileType = text; path = united_kingdom.pyx; sourceTree = "<group>"; xcLanguageSpecificationIdentifier = xcode.lang.python; };
		CB4D02971594B8350002568B /* united_states.pyx */ = {isa = PBXFileReference; fileEncoding = 4; lastKnownFileType = text; path = united_states.pyx; sourceTree = "<group>"; xcLanguageSpecificationIdentifier = xcode.lang.python; };
		CB4D02981594B8350002568B /* date.pxd */ = {isa = PBXFileReference; fileEncoding = 4; lastKnownFileType = text; path = date.pxd; sourceTree = "<group>"; xcLanguageSpecificationIdentifier = xcode.lang.python; };
		CB4D02991594B8350002568B /* date.pyx */ = {isa = PBXFileReference; fileEncoding = 4; lastKnownFileType = text; path = date.pyx; sourceTree = "<group>"; xcLanguageSpecificationIdentifier = xcode.lang.python; };
		CB4D029A1594B8350002568B /* daycounter.pxd */ = {isa = PBXFileReference; fileEncoding = 4; lastKnownFileType = text; path = daycounter.pxd; sourceTree = "<group>"; xcLanguageSpecificationIdentifier = xcode.lang.python; };
		CB4D029B1594B8350002568B /* daycounter.pyx */ = {isa = PBXFileReference; fileEncoding = 4; lastKnownFileType = text; path = daycounter.pyx; sourceTree = "<group>"; xcLanguageSpecificationIdentifier = xcode.lang.python; };
		CB4D029D1594B8350002568B /* __init__.py */ = {isa = PBXFileReference; fileEncoding = 4; lastKnownFileType = text.script.python; path = __init__.py; sourceTree = "<group>"; };
		CB4D029E1594B8350002568B /* _actual_actual.pxd */ = {isa = PBXFileReference; fileEncoding = 4; lastKnownFileType = text; path = _actual_actual.pxd; sourceTree = "<group>"; };
		CB4D029F1594B8350002568B /* _thirty360.pxd */ = {isa = PBXFileReference; fileEncoding = 4; lastKnownFileType = text; path = _thirty360.pxd; sourceTree = "<group>"; };
		CB4D02A01594B8350002568B /* actual_actual.pyx */ = {isa = PBXFileReference; fileEncoding = 4; lastKnownFileType = text; path = actual_actual.pyx; sourceTree = "<group>"; };
		CB4D02A11594B8350002568B /* thirty360.pyx */ = {isa = PBXFileReference; fileEncoding = 4; lastKnownFileType = text; path = thirty360.pyx; sourceTree = "<group>"; };
		CB4D02A21594B8350002568B /* schedule.pxd */ = {isa = PBXFileReference; fileEncoding = 4; lastKnownFileType = text; path = schedule.pxd; sourceTree = "<group>"; };
		CB4D02A31594B8350002568B /* schedule.pyx */ = {isa = PBXFileReference; fileEncoding = 4; lastKnownFileType = text; path = schedule.pyx; sourceTree = "<group>"; };
		CB4D02A41594B8350002568B /* types.pxi */ = {isa = PBXFileReference; fileEncoding = 4; lastKnownFileType = text; path = types.pxi; sourceTree = "<group>"; xcLanguageSpecificationIdentifier = xcode.lang.python; };
		CB4D02A61594B8350002568B /* __init__.py */ = {isa = PBXFileReference; fileEncoding = 4; lastKnownFileType = text.script.python; path = __init__.py; sourceTree = "<group>"; };
		CB4D02A71594B8350002568B /* test_calendar.py */ = {isa = PBXFileReference; fileEncoding = 4; lastKnownFileType = text.script.python; path = test_calendar.py; sourceTree = "<group>"; };
		CB4D02A81594B8350002568B /* test_cashflows.py */ = {isa = PBXFileReference; fileEncoding = 4; lastKnownFileType = text.script.python; path = test_cashflows.py; sourceTree = "<group>"; };
		CB4D02A91594B8350002568B /* test_currrencies.py */ = {isa = PBXFileReference; fileEncoding = 4; lastKnownFileType = text.script.python; path = test_currrencies.py; sourceTree = "<group>"; };
		CB4D02AA1594B8350002568B /* test_date.py */ = {isa = PBXFileReference; fileEncoding = 4; lastKnownFileType = text.script.python; path = test_date.py; sourceTree = "<group>"; };
		CB4D02AB1594B8350002568B /* test_daycounter.py */ = {isa = PBXFileReference; fileEncoding = 4; lastKnownFileType = text.script.python; path = test_daycounter.py; sourceTree = "<group>"; };
		CB4D02AC1594B8350002568B /* test_schedule.py */ = {isa = PBXFileReference; fileEncoding = 4; lastKnownFileType = text.script.python; path = test_schedule.py; sourceTree = "<group>"; };
		CB4D02AD1594B8360002568B /* test_settings.py */ = {isa = PBXFileReference; fileEncoding = 4; lastKnownFileType = text.script.python; path = test_settings.py; sourceTree = "<group>"; };
		CB4D02B71594B8A50002568B /* pybg */ = {isa = PBXFileReference; explicitFileType = "compiled.mach-o.executable"; includeInIndex = 0; path = pybg; sourceTree = BUILT_PRODUCTS_DIR; };
		CB502A9315AB624F00A2832C /* ql_swapvalution.py */ = {isa = PBXFileReference; fileEncoding = 4; lastKnownFileType = text.script.python; path = ql_swapvalution.py; sourceTree = "<group>"; };
		CB502A9915AB694D00A2832C /* _callbond.pxd */ = {isa = PBXFileReference; fileEncoding = 4; lastKnownFileType = text; path = _callbond.pxd; sourceTree = "<group>"; xcLanguageSpecificationIdentifier = xcode.lang.python; };
		CB502A9A15AB695A00A2832C /* callbond.pxd */ = {isa = PBXFileReference; fileEncoding = 4; lastKnownFileType = text; path = callbond.pxd; sourceTree = "<group>"; xcLanguageSpecificationIdentifier = xcode.lang.python; };
		CB502A9B15AB696400A2832C /* callbond.pyx */ = {isa = PBXFileReference; fileEncoding = 4; lastKnownFileType = text; path = callbond.pyx; sourceTree = "<group>"; xcLanguageSpecificationIdentifier = xcode.lang.python; };
		CB502A9F15AB6E9B00A2832C /* _bginstrument.pxd */ = {isa = PBXFileReference; fileEncoding = 4; lastKnownFileType = text; path = _bginstrument.pxd; sourceTree = "<group>"; xcLanguageSpecificationIdentifier = xcode.lang.python; };
		CB73B3C91598F26F008F60C4 /* __init__.py */ = {isa = PBXFileReference; fileEncoding = 4; lastKnownFileType = text.script.python; name = __init__.py; path = curvetypes/__init__.py; sourceTree = "<group>"; };
		CB73B3CA1598F27C008F60C4 /* _usdliborcurve.pxd */ = {isa = PBXFileReference; fileEncoding = 4; lastKnownFileType = text; name = _usdliborcurve.pxd; path = curvetypes/_usdliborcurve.pxd; sourceTree = "<group>"; xcLanguageSpecificationIdentifier = xcode.lang.python; };
		CB73B3CB1598F27C008F60C4 /* usdliborcurve.pxd */ = {isa = PBXFileReference; fileEncoding = 4; lastKnownFileType = text; name = usdliborcurve.pxd; path = curvetypes/usdliborcurve.pxd; sourceTree = "<group>"; xcLanguageSpecificationIdentifier = xcode.lang.python; };
		CB73B3CC1598F27C008F60C4 /* usdliborcurve.pyx */ = {isa = PBXFileReference; fileEncoding = 4; lastKnownFileType = text; name = usdliborcurve.pyx; path = curvetypes/usdliborcurve.pyx; sourceTree = "<group>"; xcLanguageSpecificationIdentifier = xcode.lang.python; };
		CB73B3E615990FC9008F60C4 /* __init__.py */ = {isa = PBXFileReference; fileEncoding = 4; lastKnownFileType = text.script.python; path = __init__.py; sourceTree = "<group>"; };
		CB73B3E815990FC9008F60C4 /* __init__.py */ = {isa = PBXFileReference; fileEncoding = 4; lastKnownFileType = text.script.python; path = __init__.py; sourceTree = "<group>"; };
		CB73B3EA15990FC9008F60C4 /* __init__.py */ = {isa = PBXFileReference; fileEncoding = 4; lastKnownFileType = text.script.python; path = __init__.py; sourceTree = "<group>"; };
		CB73B3EB15990FC9008F60C4 /* _black_vol_term_structure.pxd */ = {isa = PBXFileReference; fileEncoding = 4; lastKnownFileType = text; path = _black_vol_term_structure.pxd; sourceTree = "<group>"; };
		CB73B3EC15990FC9008F60C4 /* black_vol_term_structure.pxd */ = {isa = PBXFileReference; fileEncoding = 4; lastKnownFileType = text; path = black_vol_term_structure.pxd; sourceTree = "<group>"; };
		CB73B3ED15990FC9008F60C4 /* black_vol_term_structure.pyx */ = {isa = PBXFileReference; fileEncoding = 4; lastKnownFileType = text; path = black_vol_term_structure.pyx; sourceTree = "<group>"; };
		CB73B3EF15990FC9008F60C4 /* __init__.py */ = {isa = PBXFileReference; fileEncoding = 4; lastKnownFileType = text.script.python; path = __init__.py; sourceTree = "<group>"; };
		CB73B3F015990FC9008F60C4 /* _flat_forward.pxd */ = {isa = PBXFileReference; fileEncoding = 4; lastKnownFileType = text; path = _flat_forward.pxd; sourceTree = "<group>"; xcLanguageSpecificationIdentifier = xcode.lang.python; };
		CB73B3F115990FC9008F60C4 /* _piecewise_support_code.cpp */ = {isa = PBXFileReference; fileEncoding = 4; lastKnownFileType = sourcecode.cpp.cpp; path = _piecewise_support_code.cpp; sourceTree = "<group>"; };
		CB73B3F215990FC9008F60C4 /* _piecewise_support_code.hpp */ = {isa = PBXFileReference; fileEncoding = 4; lastKnownFileType = sourcecode.cpp.h; path = _piecewise_support_code.hpp; sourceTree = "<group>"; };
		CB73B3F315990FC9008F60C4 /* _piecewise_yield_curve.pxd */ = {isa = PBXFileReference; fileEncoding = 4; lastKnownFileType = text; path = _piecewise_yield_curve.pxd; sourceTree = "<group>"; };
		CB73B3F415990FC9008F60C4 /* _rate_helpers.pxd */ = {isa = PBXFileReference; fileEncoding = 4; lastKnownFileType = text; path = _rate_helpers.pxd; sourceTree = "<group>"; xcLanguageSpecificationIdentifier = xcode.lang.python; };
		CB73B3F515990FC9008F60C4 /* _zero_curve.pxd */ = {isa = PBXFileReference; fileEncoding = 4; lastKnownFileType = text; path = _zero_curve.pxd; sourceTree = "<group>"; };
		CB73B3F615990FC9008F60C4 /* api.py */ = {isa = PBXFileReference; fileEncoding = 4; lastKnownFileType = text.script.python; path = api.py; sourceTree = "<group>"; };
		CB73B3F715990FC9008F60C4 /* flat_forward.pxd */ = {isa = PBXFileReference; fileEncoding = 4; lastKnownFileType = text; path = flat_forward.pxd; sourceTree = "<group>"; };
		CB73B3F815990FC9008F60C4 /* flat_forward.pyx */ = {isa = PBXFileReference; fileEncoding = 4; lastKnownFileType = text; path = flat_forward.pyx; sourceTree = "<group>"; };
		CB73B3FA15990FC9008F60C4 /* piecewise_yield_curve.pyx */ = {isa = PBXFileReference; fileEncoding = 4; lastKnownFileType = text; path = piecewise_yield_curve.pyx; sourceTree = "<group>"; };
		CB73B3FB15990FC9008F60C4 /* rate_helpers.pxd */ = {isa = PBXFileReference; fileEncoding = 4; lastKnownFileType = text; path = rate_helpers.pxd; sourceTree = "<group>"; };
		CB73B3FC15990FC9008F60C4 /* rate_helpers.pyx */ = {isa = PBXFileReference; fileEncoding = 4; lastKnownFileType = text; path = rate_helpers.pyx; sourceTree = "<group>"; };
		CB73B3FE15990FC9008F60C4 /* yield_term_structure.pxd */ = {isa = PBXFileReference; fileEncoding = 4; lastKnownFileType = text; path = yield_term_structure.pxd; sourceTree = "<group>"; };
		CB73B3FF15990FC9008F60C4 /* yield_term_structure.pyx */ = {isa = PBXFileReference; fileEncoding = 4; lastKnownFileType = text; path = yield_term_structure.pyx; sourceTree = "<group>"; };
		CB73B40015990FC9008F60C4 /* zero_curve.pyx */ = {isa = PBXFileReference; fileEncoding = 4; lastKnownFileType = text; path = zero_curve.pyx; sourceTree = "<group>"; };
		CB73B4311599127B008F60C4 /* index.pxd */ = {isa = PBXFileReference; fileEncoding = 4; lastKnownFileType = text; path = index.pxd; sourceTree = "<group>"; };
		CB73B4321599127B008F60C4 /* index.pyx */ = {isa = PBXFileReference; fileEncoding = 4; lastKnownFileType = text; path = index.pyx; sourceTree = "<group>"; };
		CB73B4341599127B008F60C4 /* __init__.py */ = {isa = PBXFileReference; fileEncoding = 4; lastKnownFileType = text.script.python; path = __init__.py; sourceTree = "<group>"; };
		CB73B4351599127B008F60C4 /* _euribor.pxd */ = {isa = PBXFileReference; fileEncoding = 4; lastKnownFileType = text; path = _euribor.pxd; sourceTree = "<group>"; xcLanguageSpecificationIdentifier = xcode.lang.python; };
		CB73B4361599127B008F60C4 /* _ibor_index.pxd */ = {isa = PBXFileReference; fileEncoding = 4; lastKnownFileType = text; path = _ibor_index.pxd; sourceTree = "<group>"; xcLanguageSpecificationIdentifier = xcode.lang.python; };
		CB73B4371599127B008F60C4 /* _interest_rate_index.pxd */ = {isa = PBXFileReference; fileEncoding = 4; lastKnownFileType = text; path = _interest_rate_index.pxd; sourceTree = "<group>"; xcLanguageSpecificationIdentifier = xcode.lang.python; };
		CB73B4381599127B008F60C4 /* _libor.pxd */ = {isa = PBXFileReference; fileEncoding = 4; lastKnownFileType = text; path = _libor.pxd; sourceTree = "<group>"; xcLanguageSpecificationIdentifier = xcode.lang.python; };
		CB73B4391599127B008F60C4 /* euribor.pxd */ = {isa = PBXFileReference; fileEncoding = 4; lastKnownFileType = text; path = euribor.pxd; sourceTree = "<group>"; };
		CB73B43A1599127B008F60C4 /* euribor.pyx */ = {isa = PBXFileReference; fileEncoding = 4; lastKnownFileType = text; path = euribor.pyx; sourceTree = "<group>"; xcLanguageSpecificationIdentifier = xcode.lang.python; };
		CB73B43B1599127B008F60C4 /* ibor_index.pxd */ = {isa = PBXFileReference; fileEncoding = 4; lastKnownFileType = text; path = ibor_index.pxd; sourceTree = "<group>"; xcLanguageSpecificationIdentifier = xcode.lang.python; };
		CB73B43C1599127B008F60C4 /* ibor_index.pyx */ = {isa = PBXFileReference; fileEncoding = 4; lastKnownFileType = text; path = ibor_index.pyx; sourceTree = "<group>"; xcLanguageSpecificationIdentifier = xcode.lang.python; };
		CB73B43D1599127B008F60C4 /* interest_rate_index.pxd */ = {isa = PBXFileReference; fileEncoding = 4; lastKnownFileType = text; path = interest_rate_index.pxd; sourceTree = "<group>"; };
		CB73B43E1599127B008F60C4 /* interest_rate_index.pyx */ = {isa = PBXFileReference; fileEncoding = 4; lastKnownFileType = text; path = interest_rate_index.pyx; sourceTree = "<group>"; };
		CB73B43F1599127C008F60C4 /* libor.pxd */ = {isa = PBXFileReference; fileEncoding = 4; lastKnownFileType = text; path = libor.pxd; sourceTree = "<group>"; };
		CB73B4401599127C008F60C4 /* libor.pyx */ = {isa = PBXFileReference; fileEncoding = 4; lastKnownFileType = text; path = libor.pyx; sourceTree = "<group>"; xcLanguageSpecificationIdentifier = xcode.lang.python; };
		CB73B459159913F2008F60C4 /* _index.pxd */ = {isa = PBXFileReference; fileEncoding = 4; lastKnownFileType = text; path = _index.pxd; sourceTree = "<group>"; xcLanguageSpecificationIdentifier = xcode.lang.python; };
		CB73B46515991522008F60C4 /* test_indexes.py */ = {isa = PBXFileReference; fileEncoding = 4; lastKnownFileType = text.script.python; path = test_indexes.py; sourceTree = "<group>"; };
		CB73B46615991522008F60C4 /* test_piecewise_yield_curve.py */ = {isa = PBXFileReference; fileEncoding = 4; lastKnownFileType = text.script.python; path = test_piecewise_yield_curve.py; sourceTree = "<group>"; };
		CB73B46715991522008F60C4 /* test_rate_helpers.py */ = {isa = PBXFileReference; fileEncoding = 4; lastKnownFileType = text.script.python; path = test_rate_helpers.py; sourceTree = "<group>"; };
		CBC8CA6E1599F0F80042C992 /* _indexbase.pxd */ = {isa = PBXFileReference; fileEncoding = 4; lastKnownFileType = text; path = _indexbase.pxd; sourceTree = "<group>"; xcLanguageSpecificationIdentifier = xcode.lang.python; };
		CBC8CA731599F1470042C992 /* indexbase.pxd */ = {isa = PBXFileReference; fileEncoding = 4; lastKnownFileType = text; path = indexbase.pxd; sourceTree = "<group>"; xcLanguageSpecificationIdentifier = xcode.lang.python; };
		CBC8CA761599F15A0042C992 /* indexbase.pyx */ = {isa = PBXFileReference; fileEncoding = 4; lastKnownFileType = text; path = indexbase.pyx; sourceTree = "<group>"; xcLanguageSpecificationIdentifier = xcode.lang.python; };
		CBCC4E0B15A1FE1B0097AC8B /* quicktest.py */ = {isa = PBXFileReference; fileEncoding = 4; lastKnownFileType = text.script.python; path = quicktest.py; sourceTree = "<group>"; };
		CBCC4E0C15A1FE490097AC8B /* cusips.py */ = {isa = PBXFileReference; fileEncoding = 4; lastKnownFileType = text.script.python; path = cusips.py; sourceTree = "<group>"; };
		CBCC4E0E15A1FF3C0097AC8B /* tenor.py */ = {isa = PBXFileReference; fileEncoding = 4; lastKnownFileType = text.script.python; path = tenor.py; sourceTree = "<group>"; };
		CBCC4E1A15A22CB30097AC8B /* curves.hpp */ = {isa = PBXFileReference; fileEncoding = 4; lastKnownFileType = sourcecode.cpp.h; path = curves.hpp; sourceTree = "<group>"; };
		CBCC4E1B15A22D120097AC8B /* euriborcurve.hpp */ = {isa = PBXFileReference; fileEncoding = 4; lastKnownFileType = sourcecode.cpp.h; path = euriborcurve.hpp; sourceTree = "<group>"; };
		CBCC4EDA15A247B30097AC8B /* _euriborcurve.pxd */ = {isa = PBXFileReference; fileEncoding = 4; lastKnownFileType = text; name = _euriborcurve.pxd; path = curvetypes/_euriborcurve.pxd; sourceTree = "<group>"; xcLanguageSpecificationIdentifier = xcode.lang.python; };
		CBCC4EDD15A247F70097AC8B /* euriborcurve.pyx */ = {isa = PBXFileReference; fileEncoding = 4; lastKnownFileType = text; name = euriborcurve.pyx; path = curvetypes/euriborcurve.pyx; sourceTree = "<group>"; xcLanguageSpecificationIdentifier = xcode.lang.python; };
		CBCC4EE015A248560097AC8B /* euriborcurve.pxd */ = {isa = PBXFileReference; fileEncoding = 4; lastKnownFileType = text; name = euriborcurve.pxd; path = curvetypes/euriborcurve.pxd; sourceTree = "<group>"; xcLanguageSpecificationIdentifier = xcode.lang.python; };
		CC0BCDC915964E5400DBA0DC /* test_curves.py */ = {isa = PBXFileReference; fileEncoding = 4; lastKnownFileType = text.script.python; path = test_curves.py; sourceTree = "<group>"; };
		CC62B4AE15B4315500848EF4 /* curvetest3.py */ = {isa = PBXFileReference; fileEncoding = 4; lastKnownFileType = text.script.python; path = curvetest3.py; sourceTree = "<group>"; };
		CC9A9B6A15A8CA3C00B24799 /* __init__.py */ = {isa = PBXFileReference; fileEncoding = 4; lastKnownFileType = text.script.python; path = __init__.py; sourceTree = "<group>"; };
		CC9FB84315A79F8A0083E005 /* _fixedfloatswap.pxd */ = {isa = PBXFileReference; fileEncoding = 4; lastKnownFileType = text; path = _fixedfloatswap.pxd; sourceTree = "<group>"; xcLanguageSpecificationIdentifier = xcode.lang.python; };
		CC9FB84415A79F8A0083E005 /* fixedfloatswap.pxd */ = {isa = PBXFileReference; fileEncoding = 4; lastKnownFileType = text; path = fixedfloatswap.pxd; sourceTree = "<group>"; xcLanguageSpecificationIdentifier = xcode.lang.python; };
		CC9FB84515A79F8A0083E005 /* fixedfloatswap.pyx */ = {isa = PBXFileReference; fileEncoding = 4; lastKnownFileType = text; path = fixedfloatswap.pyx; sourceTree = "<group>"; xcLanguageSpecificationIdentifier = xcode.lang.python; };
		CC9FB86515A7A1390083E005 /* _bulletbond.pxd */ = {isa = PBXFileReference; fileEncoding = 4; lastKnownFileType = text; path = _bulletbond.pxd; sourceTree = "<group>"; xcLanguageSpecificationIdentifier = xcode.lang.python; };
		CC9FB86815A7A1630083E005 /* bulletbond.pyx */ = {isa = PBXFileReference; fileEncoding = 4; lastKnownFileType = text; path = bulletbond.pyx; sourceTree = "<group>"; xcLanguageSpecificationIdentifier = xcode.lang.python; };
		CC9FB86B15A7A1890083E005 /* bulletbond.pxd */ = {isa = PBXFileReference; fileEncoding = 4; lastKnownFileType = text; path = bulletbond.pxd; sourceTree = "<group>"; xcLanguageSpecificationIdentifier = xcode.lang.python; };
		CCA7170415BB59F5005ED72F /* enums.py */ = {isa = PBXFileReference; fileEncoding = 4; lastKnownFileType = text.script.python; path = enums.py; sourceTree = "<group>"; };
		CCB1E5C215B57FE300F738BB /* curvetest */ = {isa = PBXFileReference; explicitFileType = "compiled.mach-o.executable"; includeInIndex = 0; path = curvetest; sourceTree = BUILT_PRODUCTS_DIR; };
		CCB1E5C915B5807C00F738BB /* curvetest.cpp */ = {isa = PBXFileReference; fileEncoding = 4; lastKnownFileType = sourcecode.cpp.cpp; path = curvetest.cpp; sourceTree = "<group>"; };
		CCE4EC1415B35ED100F2B646 /* curvetest.py */ = {isa = PBXFileReference; fileEncoding = 4; lastKnownFileType = text.script.python; path = curvetest.py; sourceTree = "<group>"; };
		CCE4EC3A15B36D7100F2B646 /* curvetest2.py */ = {isa = PBXFileReference; fileEncoding = 4; lastKnownFileType = text.script.python; path = curvetest2.py; sourceTree = "<group>"; };
/* End PBXFileReference section */

/* Begin PBXFrameworksBuildPhase section */
		CB378E101594C27300C91A4E /* Frameworks */ = {
			isa = PBXFrameworksBuildPhase;
			buildActionMask = 2147483647;
			files = (
				CB378E1F1594C29300C91A4E /* libboost_regex.dylib in Frameworks */,
				CB378E201594C29300C91A4E /* libboost_unit_test_framework.dylib in Frameworks */,
				CB378E211594C29300C91A4E /* libQuantLib.dylib in Frameworks */,
			);
			runOnlyForDeploymentPostprocessing = 0;
		};
		CB378E4D1594C6E100C91A4E /* Frameworks */ = {
			isa = PBXFrameworksBuildPhase;
			buildActionMask = 2147483647;
			files = (
				CB378E531594C6F300C91A4E /* libboost_regex.dylib in Frameworks */,
				CB378E541594C6F300C91A4E /* libQuantLib.dylib in Frameworks */,
			);
			runOnlyForDeploymentPostprocessing = 0;
		};
		CB4D02B51594B8A50002568B /* Frameworks */ = {
			isa = PBXFrameworksBuildPhase;
			buildActionMask = 2147483647;
			files = (
				CB378D8A1594BC6100C91A4E /* libboost_regex.dylib in Frameworks */,
				CB378D8B1594BC6100C91A4E /* libQuantLib.dylib in Frameworks */,
			);
			runOnlyForDeploymentPostprocessing = 0;
		};
		CCB1E5C015B57FE300F738BB /* Frameworks */ = {
			isa = PBXFrameworksBuildPhase;
			buildActionMask = 2147483647;
			files = (
				CCB1E5C815B5803300F738BB /* libboost_regex.dylib in Frameworks */,
				CCB1E5C715B5800E00F738BB /* libQuantLib.dylib in Frameworks */,
			);
			runOnlyForDeploymentPostprocessing = 0;
		};
/* End PBXFrameworksBuildPhase section */

/* Begin PBXGroup section */
		08FB7794FE84155DC02AAC07 /* pybg */ = {
			isa = PBXGroup;
			children = (
				08FB7795FE84155DC02AAC07 /* Source */,
				C6859E8C029090F304C91782 /* Documentation */,
				1AB674ADFE9D54B511CA2CBB /* Products */,
				CB4D01F81594B6510002568B /* libboost_regex.dylib */,
				CB4D01FA1594B6510002568B /* libboost_unit_test_framework.dylib */,
				CB4D01FC1594B6510002568B /* libQuantLib.dylib */,
			);
			name = pybg;
			sourceTree = "<group>";
		};
		08FB7795FE84155DC02AAC07 /* Source */ = {
			isa = PBXGroup;
			children = (
				CB4D026B1594B8350002568B /* pybg */,
				CB4D01FF1594B7470002568B /* bg */,
				CB4D025C1594B7470002568B /* examples */,
				CB4D02611594B7470002568B /* Makefile */,
				CB4D02621594B7470002568B /* README */,
				CB4D02631594B7470002568B /* setup_config.py */,
				CB4D02641594B7470002568B /* setup.py */,
				CB4D02651594B7470002568B /* tests */,
			);
			name = Source;
			sourceTree = "<group>";
		};
		1AB674ADFE9D54B511CA2CBB /* Products */ = {
			isa = PBXGroup;
			children = (
				CB4D02B71594B8A50002568B /* pybg */,
				CB378E121594C27300C91A4E /* bg_test_suite */,
				CB378E4F1594C6E100C91A4E /* callbond_example */,
				CCB1E5C215B57FE300F738BB /* curvetest */,
			);
			name = Products;
			sourceTree = "<group>";
		};
		C6859E8C029090F304C91782 /* Documentation */ = {
			isa = PBXGroup;
			children = (
				C6859E8B029090EE04C91782 /* pybg.1 */,
			);
			name = Documentation;
			sourceTree = "<group>";
		};
		CB4D01FF1594B7470002568B /* bg */ = {
			isa = PBXGroup;
			children = (
				CB4D02011594B7470002568B /* bondgeek.hpp */,
				CB4D02031594B7470002568B /* curvebase.cpp */,
				CB4D02041594B7470002568B /* curvebase.hpp */,
				CB4D02061594B7470002568B /* curvefactory.hpp */,
				CB4D02051594B7470002568B /* curvefactory.cpp */,
				CB4D02071594B7470002568B /* curves */,
				CB4D020A1594B7470002568B /* date_utilities.cpp */,
				CB4D020B1594B7470002568B /* date_utilities.hpp */,
				CB4D020D1594B7470002568B /* indexbase.hpp */,
				CB4D02021594B7470002568B /* bondtype.hpp */,
				CB4D02181594B7470002568B /* swaptype.hpp */,
				CB4D020E1594B7470002568B /* instruments */,
				CB4D02161594B7470002568B /* repository.hpp */,
			);
			path = bg;
			sourceTree = "<group>";
		};
		CB4D02071594B7470002568B /* curves */ = {
			isa = PBXGroup;
			children = (
				CBCC4E1A15A22CB30097AC8B /* curves.hpp */,
				CB4D02081594B7470002568B /* ratehelpercurve.cpp */,
				CB4D02091594B7470002568B /* ratehelpercurve.hpp */,
				CBCC4E1B15A22D120097AC8B /* euriborcurve.hpp */,
				CB2C913D1594E19100B78DFB /* usdliborcurve.hpp */,
			);
			path = curves;
			sourceTree = "<group>";
		};
		CB4D020E1594B7470002568B /* instruments */ = {
			isa = PBXGroup;
			children = (
				CB4D020F1594B7470002568B /* bginstrument.hpp */,
				CB4D02111594B7470002568B /* bulletbond.hpp */,
				CB4D02101594B7470002568B /* bulletbond.cpp */,
				CB4D02131594B7470002568B /* callbond.hpp */,
				CB4D02121594B7470002568B /* callbond.cpp */,
				CB4D02151594B7470002568B /* fixedfloatswap.hpp */,
				CB4D02141594B7470002568B /* fixedfloatswap.cpp */,
			);
			path = instruments;
			sourceTree = "<group>";
		};
		CB4D025C1594B7470002568B /* examples */ = {
			isa = PBXGroup;
			children = (
				CBCC4E0B15A1FE1B0097AC8B /* quicktest.py */,
				CCE4EC1415B35ED100F2B646 /* curvetest.py */,
				CCE4EC3A15B36D7100F2B646 /* curvetest2.py */,
				CC62B4AE15B4315500848EF4 /* curvetest3.py */,
				CB502A9315AB624F00A2832C /* ql_swapvalution.py */,
				CB4D025D1594B7470002568B /* BermudanSwaption.cpp */,
				CB4D025E1594B7470002568B /* CallableBonds.cpp */,
				CB4D025F1594B7470002568B /* callbond_example.cpp */,
				CB4D02601594B7470002568B /* bg_example.cpp */,
				CCB1E5C915B5807C00F738BB /* curvetest.cpp */,
			);
			path = examples;
			sourceTree = "<group>";
		};
		CB4D02651594B7470002568B /* tests */ = {
			isa = PBXGroup;
			children = (
				CB4D02661594B7470002568B /* test_bondgeek.cpp */,
				CB4D02671594B7470002568B /* test_dates.hpp */,
				CB4D02681594B7470002568B /* test_swaps.hpp */,
			);
			path = tests;
			sourceTree = "<group>";
		};
		CB4D026B1594B8350002568B /* pybg */ = {
			isa = PBXGroup;
			children = (
				CB4D026C1594B8350002568B /* __init__.py */,
				CCA7170415BB59F5005ED72F /* enums.py */,
				CBCC4E0C15A1FE490097AC8B /* cusips.py */,
				CB4D02701594B8350002568B /* ql.pxd */,
				CB4D02711594B8350002568B /* ql.pyx */,
				CBCC4E0E15A1FF3C0097AC8B /* tenor.py */,
				CB4D026D1594B8350002568B /* _curves.pxd */,
				CB4D026E1594B8350002568B /* curves.pxd */,
				CB4D026F1594B8350002568B /* curves.pyx */,
				CBC8CA6E1599F0F80042C992 /* _indexbase.pxd */,
				CBC8CA731599F1470042C992 /* indexbase.pxd */,
				CBC8CA761599F15A0042C992 /* indexbase.pyx */,
				CC9FB84615A79F910083E005 /* instruments */,
				CB73B3C81598F243008F60C4 /* curvetypes */,
				CB4D02721594B8350002568B /* quantlib */,
				CB4D02A51594B8350002568B /* tests */,
			);
			path = pybg;
			sourceTree = "<group>";
		};
		CB4D02721594B8350002568B /* quantlib */ = {
			isa = PBXGroup;
			children = (
				CB4D02731594B8350002568B /* __init__.py */,
				CB4D02741594B8350002568B /* _cashflow.pxd */,
				CB4D02751594B8350002568B /* _currency.pxd */,
				CB73B459159913F2008F60C4 /* _index.pxd */,
				CB4D02761594B8350002568B /* _quote.pxd */,
				CB4D02771594B8350002568B /* cashflow.pxd */,
				CB4D02781594B8350002568B /* cashflow.pyx */,
				CB4D02791594B8350002568B /* compounding.py */,
				CB4D027A1594B8350002568B /* currency.pxd */,
				CB4D027B1594B8350002568B /* currency.pyx */,
				CB4D027C1594B8350002568B /* handle.pxd */,
				CB73B4311599127B008F60C4 /* index.pxd */,
				CB73B4321599127B008F60C4 /* index.pyx */,
				CB73B4331599127B008F60C4 /* indexes */,
				CB4D027D1594B8350002568B /* math */,
				CB4D02821594B8350002568B /* quotes.pxd */,
				CB4D02831594B8350002568B /* quotes.pyx */,
				CB73B3E515990FC9008F60C4 /* termstructures */,
				CB4D02841594B8350002568B /* time */,
				CB4D02A41594B8350002568B /* types.pxi */,
			);
			path = quantlib;
			sourceTree = "<group>";
		};
		CB4D027D1594B8350002568B /* math */ = {
			isa = PBXGroup;
			children = (
				CB4D027E1594B8350002568B /* __init__.py */,
				CB4D027F1594B8350002568B /* _optimization.pxd */,
				CB4D02801594B8350002568B /* optimization.pxd */,
				CB4D02811594B8350002568B /* optimization.pyx */,
			);
			path = math;
			sourceTree = "<group>";
		};
		CB4D02841594B8350002568B /* time */ = {
			isa = PBXGroup;
			children = (
				CB4D02851594B8350002568B /* __init__.py */,
				CB4D02861594B8350002568B /* _calendar.pxd */,
				CB4D02871594B8350002568B /* _date.pxd */,
				CB4D02881594B8350002568B /* _daycounter.pxd */,
				CB4D02891594B8350002568B /* _period.pxd */,
				CB4D028A1594B8350002568B /* _schedule.pxd */,
				CB4D028B1594B8350002568B /* api.py */,
				CB4D028C1594B8350002568B /* calendar.pxd */,
				CB4D028D1594B8350002568B /* calendar.pyx */,
				CB4D028E1594B8350002568B /* calendars */,
				CB4D02981594B8350002568B /* date.pxd */,
				CB4D02991594B8350002568B /* date.pyx */,
				CB4D029A1594B8350002568B /* daycounter.pxd */,
				CB4D029B1594B8350002568B /* daycounter.pyx */,
				CB4D029C1594B8350002568B /* daycounters */,
				CB4D02A21594B8350002568B /* schedule.pxd */,
				CB4D02A31594B8350002568B /* schedule.pyx */,
			);
			path = time;
			sourceTree = "<group>";
		};
		CB4D028E1594B8350002568B /* calendars */ = {
			isa = PBXGroup;
			children = (
				CB4D028F1594B8350002568B /* __init__.py */,
				CB4D02901594B8350002568B /* _germany.pxd */,
				CB4D02911594B8350002568B /* _null_calendar.pxd */,
				CB4D02921594B8350002568B /* _united_kingdom.pxd */,
				CB4D02931594B8350002568B /* _united_states.pxd */,
				CB4D02941594B8350002568B /* germany.pyx */,
				CB4D02951594B8350002568B /* null_calendar.pyx */,
				CB4D02961594B8350002568B /* united_kingdom.pyx */,
				CB4D02971594B8350002568B /* united_states.pyx */,
			);
			path = calendars;
			sourceTree = "<group>";
		};
		CB4D029C1594B8350002568B /* daycounters */ = {
			isa = PBXGroup;
			children = (
				CB4D029D1594B8350002568B /* __init__.py */,
				CB4D029E1594B8350002568B /* _actual_actual.pxd */,
				CB4D029F1594B8350002568B /* _thirty360.pxd */,
				CB4D02A01594B8350002568B /* actual_actual.pyx */,
				CB4D02A11594B8350002568B /* thirty360.pyx */,
			);
			path = daycounters;
			sourceTree = "<group>";
		};
		CB4D02A51594B8350002568B /* tests */ = {
			isa = PBXGroup;
			children = (
				CB4D02A61594B8350002568B /* __init__.py */,
				CB4D02A71594B8350002568B /* test_calendar.py */,
				CB4D02A81594B8350002568B /* test_cashflows.py */,
				CB4D02A91594B8350002568B /* test_currrencies.py */,
				CB4D02AA1594B8350002568B /* test_date.py */,
				CB4D02AB1594B8350002568B /* test_daycounter.py */,
				CB4D02AC1594B8350002568B /* test_schedule.py */,
				CB4D02AD1594B8360002568B /* test_settings.py */,
				CC0BCDC915964E5400DBA0DC /* test_curves.py */,
				CB73B46515991522008F60C4 /* test_indexes.py */,
				CB73B46615991522008F60C4 /* test_piecewise_yield_curve.py */,
				CB73B46715991522008F60C4 /* test_rate_helpers.py */,
			);
			path = tests;
			sourceTree = "<group>";
		};
		CB73B3C81598F243008F60C4 /* curvetypes */ = {
			isa = PBXGroup;
			children = (
				CB73B3C91598F26F008F60C4 /* __init__.py */,
				CB73B3CA1598F27C008F60C4 /* _usdliborcurve.pxd */,
				CB73B3CB1598F27C008F60C4 /* usdliborcurve.pxd */,
				CB73B3CC1598F27C008F60C4 /* usdliborcurve.pyx */,
				CBCC4EDA15A247B30097AC8B /* _euriborcurve.pxd */,
				CBCC4EE015A248560097AC8B /* euriborcurve.pxd */,
				CBCC4EDD15A247F70097AC8B /* euriborcurve.pyx */,
			);
			name = curvetypes;
			sourceTree = "<group>";
		};
		CB73B3E515990FC9008F60C4 /* termstructures */ = {
			isa = PBXGroup;
			children = (
				CB73B3E615990FC9008F60C4 /* __init__.py */,
				CB73B3E715990FC9008F60C4 /* volatility */,
				CB73B3EE15990FC9008F60C4 /* yields */,
			);
			path = termstructures;
			sourceTree = "<group>";
		};
		CB73B3E715990FC9008F60C4 /* volatility */ = {
			isa = PBXGroup;
			children = (
				CB73B3E815990FC9008F60C4 /* __init__.py */,
				CB73B3E915990FC9008F60C4 /* equityfx */,
			);
			path = volatility;
			sourceTree = "<group>";
		};
		CB73B3E915990FC9008F60C4 /* equityfx */ = {
			isa = PBXGroup;
			children = (
				CB73B3EA15990FC9008F60C4 /* __init__.py */,
				CB73B3EB15990FC9008F60C4 /* _black_vol_term_structure.pxd */,
				CB73B3EC15990FC9008F60C4 /* black_vol_term_structure.pxd */,
				CB73B3ED15990FC9008F60C4 /* black_vol_term_structure.pyx */,
			);
			path = equityfx;
			sourceTree = "<group>";
		};
		CB73B3EE15990FC9008F60C4 /* yields */ = {
			isa = PBXGroup;
			children = (
				CB73B3EF15990FC9008F60C4 /* __init__.py */,
				CB73B3F015990FC9008F60C4 /* _flat_forward.pxd */,
				CB73B3F115990FC9008F60C4 /* _piecewise_support_code.cpp */,
				CB73B3F215990FC9008F60C4 /* _piecewise_support_code.hpp */,
				CB73B3F315990FC9008F60C4 /* _piecewise_yield_curve.pxd */,
				CB73B3F415990FC9008F60C4 /* _rate_helpers.pxd */,
				CB73B3F515990FC9008F60C4 /* _zero_curve.pxd */,
				CB73B3F615990FC9008F60C4 /* api.py */,
				CB73B3F715990FC9008F60C4 /* flat_forward.pxd */,
				CB73B3F815990FC9008F60C4 /* flat_forward.pyx */,
				CB73B3FA15990FC9008F60C4 /* piecewise_yield_curve.pyx */,
				CB73B3FB15990FC9008F60C4 /* rate_helpers.pxd */,
				CB73B3FC15990FC9008F60C4 /* rate_helpers.pyx */,
				CB73B3FE15990FC9008F60C4 /* yield_term_structure.pxd */,
				CB73B3FF15990FC9008F60C4 /* yield_term_structure.pyx */,
				CB73B40015990FC9008F60C4 /* zero_curve.pyx */,
			);
			path = yields;
			sourceTree = "<group>";
		};
		CB73B4331599127B008F60C4 /* indexes */ = {
			isa = PBXGroup;
			children = (
				CB73B4341599127B008F60C4 /* __init__.py */,
				CB73B4351599127B008F60C4 /* _euribor.pxd */,
				CB73B4361599127B008F60C4 /* _ibor_index.pxd */,
				CB73B4371599127B008F60C4 /* _interest_rate_index.pxd */,
				CB73B4381599127B008F60C4 /* _libor.pxd */,
				CB73B4391599127B008F60C4 /* euribor.pxd */,
				CB73B43A1599127B008F60C4 /* euribor.pyx */,
				CB73B43B1599127B008F60C4 /* ibor_index.pxd */,
				CB73B43C1599127B008F60C4 /* ibor_index.pyx */,
				CB73B43D1599127B008F60C4 /* interest_rate_index.pxd */,
				CB73B43E1599127B008F60C4 /* interest_rate_index.pyx */,
				CB73B43F1599127C008F60C4 /* libor.pxd */,
				CB73B4401599127C008F60C4 /* libor.pyx */,
			);
			path = indexes;
			sourceTree = "<group>";
		};
		CC9FB84615A79F910083E005 /* instruments */ = {
			isa = PBXGroup;
			children = (
				CC9A9B6A15A8CA3C00B24799 /* __init__.py */,
				CB502A9F15AB6E9B00A2832C /* _bginstrument.pxd */,
				CC9FB84315A79F8A0083E005 /* _fixedfloatswap.pxd */,
				CC9FB84415A79F8A0083E005 /* fixedfloatswap.pxd */,
				CC9FB84515A79F8A0083E005 /* fixedfloatswap.pyx */,
				CC9FB86515A7A1390083E005 /* _bulletbond.pxd */,
				CC9FB86B15A7A1890083E005 /* bulletbond.pxd */,
				CC9FB86815A7A1630083E005 /* bulletbond.pyx */,
				CB502A9915AB694D00A2832C /* _callbond.pxd */,
				CB502A9A15AB695A00A2832C /* callbond.pxd */,
				CB502A9B15AB696400A2832C /* callbond.pyx */,
			);
			path = instruments;
			sourceTree = "<group>";
		};
/* End PBXGroup section */

/* Begin PBXNativeTarget section */
		CB378E111594C27300C91A4E /* bg_test_suite */ = {
			isa = PBXNativeTarget;
			buildConfigurationList = CB378E221594C2B100C91A4E /* Build configuration list for PBXNativeTarget "bg_test_suite" */;
			buildPhases = (
				CB378E0F1594C27300C91A4E /* Sources */,
				CB378E101594C27300C91A4E /* Frameworks */,
			);
			buildRules = (
			);
			dependencies = (
			);
			name = bg_test_suite;
			productName = bg_test_suite;
			productReference = CB378E121594C27300C91A4E /* bg_test_suite */;
			productType = "com.apple.product-type.tool";
		};
		CB378E4E1594C6E100C91A4E /* callbond_example */ = {
			isa = PBXNativeTarget;
			buildConfigurationList = CB378E5E1594C71B00C91A4E /* Build configuration list for PBXNativeTarget "callbond_example" */;
			buildPhases = (
				CB378E4C1594C6E100C91A4E /* Sources */,
				CB378E4D1594C6E100C91A4E /* Frameworks */,
			);
			buildRules = (
			);
			dependencies = (
			);
			name = callbond_example;
			productName = callbond_example;
			productReference = CB378E4F1594C6E100C91A4E /* callbond_example */;
			productType = "com.apple.product-type.tool";
		};
		CB4D02B61594B8A50002568B /* bg_example */ = {
			isa = PBXNativeTarget;
			buildConfigurationList = CB4D02CD1594B90D0002568B /* Build configuration list for PBXNativeTarget "bg_example" */;
			buildPhases = (
				CB4D02B41594B8A50002568B /* Sources */,
				CB4D02B51594B8A50002568B /* Frameworks */,
			);
			buildRules = (
			);
			dependencies = (
			);
			name = bg_example;
			productName = pybg;
			productReference = CB4D02B71594B8A50002568B /* pybg */;
			productType = "com.apple.product-type.tool";
		};
		CCB1E5C115B57FE300F738BB /* curvetest */ = {
			isa = PBXNativeTarget;
			buildConfigurationList = CCB1E5C615B5800E00F738BB /* Build configuration list for PBXNativeTarget "curvetest" */;
			buildPhases = (
				CCB1E5BF15B57FE300F738BB /* Sources */,
				CCB1E5C015B57FE300F738BB /* Frameworks */,
			);
			buildRules = (
			);
			dependencies = (
			);
			name = curvetest;
			productName = curvetest;
			productReference = CCB1E5C215B57FE300F738BB /* curvetest */;
			productType = "com.apple.product-type.tool";
		};
/* End PBXNativeTarget section */

/* Begin PBXProject section */
		08FB7793FE84155DC02AAC07 /* Project object */ = {
			isa = PBXProject;
			attributes = {
				ORGANIZATIONNAME = "BG Research LLC";
			};
			buildConfigurationList = 1DEB923508733DC60010E9CD /* Build configuration list for PBXProject "pybg" */;
			compatibilityVersion = "Xcode 3.1";
			developmentRegion = English;
			hasScannedForEncodings = 1;
			knownRegions = (
				English,
				Japanese,
				French,
				German,
			);
			mainGroup = 08FB7794FE84155DC02AAC07 /* pybg */;
			projectDirPath = "";
			projectRoot = "";
			targets = (
				CB4D02B61594B8A50002568B /* bg_example */,
				CB378E111594C27300C91A4E /* bg_test_suite */,
				CB378E4E1594C6E100C91A4E /* callbond_example */,
				CCB1E5C115B57FE300F738BB /* curvetest */,
			);
		};
/* End PBXProject section */

/* Begin PBXSourcesBuildPhase section */
		CB378E0F1594C27300C91A4E /* Sources */ = {
			isa = PBXSourcesBuildPhase;
			buildActionMask = 2147483647;
			files = (
				CB378E231594C2B100C91A4E /* test_bondgeek.cpp in Sources */,
				CB378E161594C28200C91A4E /* bulletbond.cpp in Sources */,
				CB378E171594C28200C91A4E /* callbond.cpp in Sources */,
				CB378E181594C28200C91A4E /* fixedfloatswap.cpp in Sources */,
				CB378E1A1594C28200C91A4E /* curvebase.cpp in Sources */,
				CB378E1B1594C28200C91A4E /* curvefactory.cpp in Sources */,
				CB378E1C1594C28200C91A4E /* ratehelpercurve.cpp in Sources */,
				CB378E1D1594C28200C91A4E /* date_utilities.cpp in Sources */,
			);
			runOnlyForDeploymentPostprocessing = 0;
		};
		CB378E4C1594C6E100C91A4E /* Sources */ = {
			isa = PBXSourcesBuildPhase;
			buildActionMask = 2147483647;
			files = (
				CB378E5F1594C73A00C91A4E /* callbond_example.cpp in Sources */,
				CB378E551594C6FD00C91A4E /* bulletbond.cpp in Sources */,
				CB378E561594C6FD00C91A4E /* callbond.cpp in Sources */,
				CB378E571594C6FD00C91A4E /* fixedfloatswap.cpp in Sources */,
				CB378E591594C6FD00C91A4E /* curvebase.cpp in Sources */,
				CB378E5A1594C6FD00C91A4E /* curvefactory.cpp in Sources */,
				CB378E5B1594C6FD00C91A4E /* ratehelpercurve.cpp in Sources */,
				CB378E5C1594C6FD00C91A4E /* date_utilities.cpp in Sources */,
			);
			runOnlyForDeploymentPostprocessing = 0;
		};
		CB4D02B41594B8A50002568B /* Sources */ = {
			isa = PBXSourcesBuildPhase;
			buildActionMask = 2147483647;
			files = (
				CB378E091594C1B100C91A4E /* bulletbond.cpp in Sources */,
				CB378E0A1594C1B100C91A4E /* callbond.cpp in Sources */,
				CB378E0B1594C1B100C91A4E /* fixedfloatswap.cpp in Sources */,
				CB378D841594BC5700C91A4E /* curvebase.cpp in Sources */,
				CB378D851594BC5700C91A4E /* curvefactory.cpp in Sources */,
				CB378D861594BC5700C91A4E /* ratehelpercurve.cpp in Sources */,
				CB378D871594BC5700C91A4E /* date_utilities.cpp in Sources */,
				CB378D821594BC0E00C91A4E /* bg_example.cpp in Sources */,
			);
			runOnlyForDeploymentPostprocessing = 0;
		};
		CCB1E5BF15B57FE300F738BB /* Sources */ = {
			isa = PBXSourcesBuildPhase;
			buildActionMask = 2147483647;
			files = (
				CCB1E5CB15B5808A00F738BB /* bulletbond.cpp in Sources */,
				CCB1E5CC15B5808A00F738BB /* callbond.cpp in Sources */,
				CCB1E5CD15B5808A00F738BB /* fixedfloatswap.cpp in Sources */,
				CCB1E5CE15B5808A00F738BB /* curvebase.cpp in Sources */,
				CCB1E5CF15B5808A00F738BB /* curvefactory.cpp in Sources */,
				CCB1E5D015B5808A00F738BB /* ratehelpercurve.cpp in Sources */,
				CCB1E5D115B5808A00F738BB /* date_utilities.cpp in Sources */,
				CCB1E5CA15B5807C00F738BB /* curvetest.cpp in Sources */,
			);
			runOnlyForDeploymentPostprocessing = 0;
		};
/* End PBXSourcesBuildPhase section */

/* Begin XCBuildConfiguration section */
		1DEB923608733DC60010E9CD /* Debug */ = {
			isa = XCBuildConfiguration;
			buildSettings = {
				ARCHS = "$(ARCHS_STANDARD_32_64_BIT)";
				GCC_C_LANGUAGE_STANDARD = gnu99;
				GCC_OPTIMIZATION_LEVEL = 0;
				GCC_WARN_ABOUT_RETURN_TYPE = YES;
				GCC_WARN_UNUSED_VARIABLE = YES;
				HEADER_SEARCH_PATHS = (
					/usr/local/include,
					"${SOURCE_ROOT}",
				);
				LIBRARY_SEARCH_PATHS = /usr/local/lib;
				ONLY_ACTIVE_ARCH = YES;
				PREBINDING = NO;
				SDKROOT = macosx10.6;
				VALID_ARCHS = i386;
			};
			name = Debug;
		};
		1DEB923708733DC60010E9CD /* Release */ = {
			isa = XCBuildConfiguration;
			buildSettings = {
				ARCHS = "$(ARCHS_STANDARD_32_64_BIT)";
				GCC_C_LANGUAGE_STANDARD = gnu99;
				GCC_WARN_ABOUT_RETURN_TYPE = YES;
				GCC_WARN_UNUSED_VARIABLE = YES;
				HEADER_SEARCH_PATHS = (
					/usr/local/include,
					"${SOURCE_ROOT}",
				);
				LIBRARY_SEARCH_PATHS = /usr/local/lib;
				PREBINDING = NO;
				SDKROOT = macosx10.6;
				VALID_ARCHS = "i386 x86_64";
			};
			name = Release;
		};
		CB378E141594C27400C91A4E /* Debug */ = {
			isa = XCBuildConfiguration;
			buildSettings = {
				ALWAYS_SEARCH_USER_PATHS = NO;
				COPY_PHASE_STRIP = NO;
				GCC_DYNAMIC_NO_PIC = NO;
				GCC_ENABLE_FIX_AND_CONTINUE = YES;
				GCC_MODEL_TUNING = G5;
				GCC_OPTIMIZATION_LEVEL = 0;
				INSTALL_PATH = /usr/local/bin;
				PREBINDING = NO;
				PRODUCT_NAME = bg_test_suite;
			};
			name = Debug;
		};
		CB378E151594C27400C91A4E /* Release */ = {
			isa = XCBuildConfiguration;
			buildSettings = {
				ALWAYS_SEARCH_USER_PATHS = NO;
				COPY_PHASE_STRIP = YES;
				DEBUG_INFORMATION_FORMAT = "dwarf-with-dsym";
				GCC_ENABLE_FIX_AND_CONTINUE = NO;
				GCC_MODEL_TUNING = G5;
				INSTALL_PATH = /usr/local/bin;
				PREBINDING = NO;
				PRODUCT_NAME = bg_test_suite;
				ZERO_LINK = NO;
			};
			name = Release;
		};
		CB378E511594C6E200C91A4E /* Debug */ = {
			isa = XCBuildConfiguration;
			buildSettings = {
				ALWAYS_SEARCH_USER_PATHS = NO;
				COPY_PHASE_STRIP = NO;
				GCC_DYNAMIC_NO_PIC = NO;
				GCC_ENABLE_FIX_AND_CONTINUE = YES;
				GCC_MODEL_TUNING = G5;
				GCC_OPTIMIZATION_LEVEL = 0;
				INSTALL_PATH = /usr/local/bin;
				PREBINDING = NO;
				PRODUCT_NAME = callbond_example;
			};
			name = Debug;
		};
		CB378E521594C6E200C91A4E /* Release */ = {
			isa = XCBuildConfiguration;
			buildSettings = {
				ALWAYS_SEARCH_USER_PATHS = NO;
				COPY_PHASE_STRIP = YES;
				DEBUG_INFORMATION_FORMAT = "dwarf-with-dsym";
				GCC_ENABLE_FIX_AND_CONTINUE = NO;
				GCC_MODEL_TUNING = G5;
				INSTALL_PATH = /usr/local/bin;
				PREBINDING = NO;
				PRODUCT_NAME = callbond_example;
				ZERO_LINK = NO;
			};
			name = Release;
		};
		CB4D02B91594B8A60002568B /* Debug */ = {
			isa = XCBuildConfiguration;
			buildSettings = {
				ALWAYS_SEARCH_USER_PATHS = NO;
				COPY_PHASE_STRIP = NO;
				GCC_DYNAMIC_NO_PIC = NO;
				GCC_ENABLE_FIX_AND_CONTINUE = YES;
				GCC_MODEL_TUNING = G5;
				GCC_OPTIMIZATION_LEVEL = 0;
				INSTALL_PATH = /usr/local/bin;
				PREBINDING = NO;
				PRODUCT_NAME = pybg;
			};
			name = Debug;
		};
		CB4D02BA1594B8A60002568B /* Release */ = {
			isa = XCBuildConfiguration;
			buildSettings = {
				ALWAYS_SEARCH_USER_PATHS = NO;
				COPY_PHASE_STRIP = YES;
				DEBUG_INFORMATION_FORMAT = "dwarf-with-dsym";
				GCC_ENABLE_FIX_AND_CONTINUE = NO;
				GCC_MODEL_TUNING = G5;
				INSTALL_PATH = /usr/local/bin;
				PREBINDING = NO;
				PRODUCT_NAME = pybg;
				ZERO_LINK = NO;
			};
			name = Release;
		};
		CCB1E5C415B57FE300F738BB /* Debug */ = {
			isa = XCBuildConfiguration;
			buildSettings = {
				ALWAYS_SEARCH_USER_PATHS = NO;
				COPY_PHASE_STRIP = NO;
				GCC_DYNAMIC_NO_PIC = NO;
				GCC_ENABLE_FIX_AND_CONTINUE = YES;
				GCC_MODEL_TUNING = G5;
				GCC_OPTIMIZATION_LEVEL = 0;
				INSTALL_PATH = /usr/local/bin;
				PREBINDING = NO;
				PRODUCT_NAME = curvetest;
			};
			name = Debug;
		};
		CCB1E5C515B57FE300F738BB /* Release */ = {
			isa = XCBuildConfiguration;
			buildSettings = {
				ALWAYS_SEARCH_USER_PATHS = NO;
				COPY_PHASE_STRIP = YES;
				DEBUG_INFORMATION_FORMAT = "dwarf-with-dsym";
				GCC_ENABLE_FIX_AND_CONTINUE = NO;
				GCC_MODEL_TUNING = G5;
				INSTALL_PATH = /usr/local/bin;
				PREBINDING = NO;
				PRODUCT_NAME = curvetest;
				ZERO_LINK = NO;
			};
			name = Release;
		};
/* End XCBuildConfiguration section */

/* Begin XCConfigurationList section */
		1DEB923508733DC60010E9CD /* Build configuration list for PBXProject "pybg" */ = {
			isa = XCConfigurationList;
			buildConfigurations = (
				1DEB923608733DC60010E9CD /* Debug */,
				1DEB923708733DC60010E9CD /* Release */,
			);
			defaultConfigurationIsVisible = 0;
			defaultConfigurationName = Release;
		};
		CB378E221594C2B100C91A4E /* Build configuration list for PBXNativeTarget "bg_test_suite" */ = {
			isa = XCConfigurationList;
			buildConfigurations = (
				CB378E141594C27400C91A4E /* Debug */,
				CB378E151594C27400C91A4E /* Release */,
			);
			defaultConfigurationIsVisible = 0;
			defaultConfigurationName = Release;
		};
		CB378E5E1594C71B00C91A4E /* Build configuration list for PBXNativeTarget "callbond_example" */ = {
			isa = XCConfigurationList;
			buildConfigurations = (
				CB378E511594C6E200C91A4E /* Debug */,
				CB378E521594C6E200C91A4E /* Release */,
			);
			defaultConfigurationIsVisible = 0;
			defaultConfigurationName = Release;
		};
		CB4D02CD1594B90D0002568B /* Build configuration list for PBXNativeTarget "bg_example" */ = {
			isa = XCConfigurationList;
			buildConfigurations = (
				CB4D02B91594B8A60002568B /* Debug */,
				CB4D02BA1594B8A60002568B /* Release */,
			);
			defaultConfigurationIsVisible = 0;
			defaultConfigurationName = Release;
		};
		CCB1E5C615B5800E00F738BB /* Build configuration list for PBXNativeTarget "curvetest" */ = {
			isa = XCConfigurationList;
			buildConfigurations = (
				CCB1E5C415B57FE300F738BB /* Debug */,
				CCB1E5C515B57FE300F738BB /* Release */,
			);
			defaultConfigurationIsVisible = 0;
			defaultConfigurationName = Release;
		};
/* End XCConfigurationList section */
	};
	rootObject = 08FB7793FE84155DC02AAC07 /* Project object */;
}
